lockfileVersion: '9.0'

settings:
  autoInstallPeers: true
  excludeLinksFromLockfile: false

importers:

  .:
    devDependencies:
      typescript:
        specifier: ^5.8.3
        version: 5.9.3

  apps/cli:
    dependencies:
      '@game/content':
        specifier: workspace:*
        version: link:../../packages/content
      '@game/domain':
        specifier: workspace:*
        version: link:../../packages/domain
      '@game/engine':
        specifier: workspace:*
        version: link:../../packages/engine
      '@game/shared':
        specifier: workspace:*
        version: link:../../packages/shared
      '@game/storage':
        specifier: workspace:*
        version: link:../../packages/storage
    devDependencies:
      typescript:
        specifier: ^5.8.3
        version: 5.9.3

  packages/content:
    dependencies:
      '@game/domain':
        specifier: workspace:*
        version: link:../domain
      '@game/shared':
        specifier: workspace:*
        version: link:../shared
    devDependencies:
      typescript:
        specifier: ^5.8.3
        version: 5.9.3

  packages/domain:
    devDependencies:
      typescript:
        specifier: ^5.8.3
        version: 5.9.3

  packages/engine:
    dependencies:
      '@game/domain':
        specifier: workspace:*
        version: link:../domain
      '@game/shared':
        specifier: workspace:*
        version: link:../shared
    devDependencies:
      typescript:
        specifier: ^5.8.3
        version: 5.9.3

  packages/shared:
    devDependencies:
      typescript:
        specifier: ^5.8.3
        version: 5.9.3

  packages/storage:
    dependencies:
      '@game/domain':
        specifier: workspace:*
        version: link:../domain
      '@game/shared':
        specifier: workspace:*
        version: link:../shared
    devDependencies:
      typescript:
        specifier: ^5.8.3
        version: 5.9.3

packages:

  typescript@5.9.3:
    resolution: {integrity: sha512-jl1vZzPDinLr9eUt3J/t7V6FgNEw9QjvBPdysz9KfQDD41fQrC2Y4vKQdiaUpFT4bXlb1RHhLpp8wtm6M5TgSw==}
    engines: {node: '>=14.17'}
    hasBin: true

snapshots:

  typescript@5.9.3: {}
